
Microsoft Visual Studio Solution File, Format Version 12.00
# Visual Studio Version 17
VisualStudioVersion = 17.4.33110.190
MinimumVisualStudioVersion = 10.0.40219.1
Project("{FAE04EC0-301F-11D3-BF4B-00C04F79EFBC}") = "zar_atma", "zar_atma\zar_atma.csproj", "{BAD43282-25A1-4043-82AE-56188D7B0730}"
EndProject
Global
	GlobalSection(SolutionConfigurationPlatforms) = preSolution
		Debug|Any CPU = Debug|Any CPU
		Release|Any CPU = Release|Any CPU
	EndGlobalSection
	GlobalSection(ProjectConfigurationPlatforms) = postSolution
		{BAD43282-25A1-4043-82AE-56188D7B0730}.Debug|Any CPU.ActiveCfg = Debug|Any CPU
		{BAD43282-25A1-4043-82AE-56188D7B0730}.Debug|Any CPU.Build.0 = Debug|Any CPU
		{BAD43282-25A1-4043-82AE-56188D7B0730}.Release|Any CPU.ActiveCfg = Release|Any CPU
		{BAD43282-25A1-4043-82AE-56188D7B0730}.Release|Any CPU.Build.0 = Release|Any CPU
	EndGlobalSection
	GlobalSection(SolutionProperties) = preSolution
		HideSolutionNode = FALSE
	EndGlobalSection
	GlobalSection(ExtensibilityGlobals) = postSolution
		SolutionGuid = {044B60E3-8C3A-4B2C-B122-507009ADE6A3}
	EndGlobalSection
EndGlobal
